
Microsoft Visual Studio Solution File, Format Version 12.00
# Visual Studio Version 16
VisualStudioVersion = 16.0.29926.136
MinimumVisualStudioVersion = 10.0.40219.1
Project("{888888A0-9F3D-457C-B088-3A5042F75D52}") = "Covid19", "Covid19.pyproj", "{56996512-0CF8-45C0-95EB-1D12B47F927B}"
EndProject
Global
	GlobalSection(SolutionConfigurationPlatforms) = preSolution
		Debug|Any CPU = Debug|Any CPU
		Release|Any CPU = Release|Any CPU
	EndGlobalSection
	GlobalSection(ProjectConfigurationPlatforms) = postSolution
		{56996512-0CF8-45C0-95EB-1D12B47F927B}.Debug|Any CPU.ActiveCfg = Debug|Any CPU
		{56996512-0CF8-45C0-95EB-1D12B47F927B}.Release|Any CPU.ActiveCfg = Release|Any CPU
	EndGlobalSection
	GlobalSection(SolutionProperties) = preSolution
		HideSolutionNode = FALSE
	EndGlobalSection
	GlobalSection(ExtensibilityGlobals) = postSolution
		SolutionGuid = {903BF3A0-D524-425C-8BB3-C9263BB869FE}
	EndGlobalSection
EndGlobal
